// !$*UTF8*$!
{
	archiveVersion = 1;
	classes = {
	};
	objectVersion = 50;
	objects = {

/* Begin PBXBuildFile section */
		1B2C525F217821E5007DAD35 /* TestViewController.m in Sources */ = {isa = PBXBuildFile; fileRef = 1B2C525E217821E5007DAD35 /* TestViewController.m */; };
		1B2C526221782378007DAD35 /* UIButton+ELTool.m in Sources */ = {isa = PBXBuildFile; fileRef = 1B2C526121782378007DAD35 /* UIButton+ELTool.m */; };
		1B2C526621782A0E007DAD35 /* UIView+ELTool.m in Sources */ = {isa = PBXBuildFile; fileRef = 1B2C526521782A0E007DAD35 /* UIView+ELTool.m */; };
		1BAC6D2B21758996006CEB54 /* AppDelegate.m in Sources */ = {isa = PBXBuildFile; fileRef = 1BAC6D2A21758996006CEB54 /* AppDelegate.m */; };
		1BAC6D2E21758996006CEB54 /* ViewController.m in Sources */ = {isa = PBXBuildFile; fileRef = 1BAC6D2D21758996006CEB54 /* ViewController.m */; };
		1BAC6D3121758996006CEB54 /* Main.storyboard in Resources */ = {isa = PBXBuildFile; fileRef = 1BAC6D2F21758996006CEB54 /* Main.storyboard */; };
		1BAC6D3321758999006CEB54 /* Assets.xcassets in Resources */ = {isa = PBXBuildFile; fileRef = 1BAC6D3221758999006CEB54 /* Assets.xcassets */; };
		1BAC6D3621758999006CEB54 /* LaunchScreen.storyboard in Resources */ = {isa = PBXBuildFile; fileRef = 1BAC6D3421758999006CEB54 /* LaunchScreen.storyboard */; };
		1BAC6D3921758999006CEB54 /* main.m in Sources */ = {isa = PBXBuildFile; fileRef = 1BAC6D3821758999006CEB54 /* main.m */; };
/* End PBXBuildFile section */

/* Begin PBXFileReference section */
		1B2C525D217821E5007DAD35 /* TestViewController.h */ = {isa = PBXFileReference; lastKnownFileType = sourcecode.c.h; path = TestViewController.h; sourceTree = "<group>"; };
		1B2C525E217821E5007DAD35 /* TestViewController.m */ = {isa = PBXFileReference; lastKnownFileType = sourcecode.c.objc; path = TestViewController.m; sourceTree = "<group>"; };
		1B2C526021782378007DAD35 /* UIButton+ELTool.h */ = {isa = PBXFileReference; lastKnownFileType = sourcecode.c.h; path = "UIButton+ELTool.h"; sourceTree = "<group>"; };
		1B2C526121782378007DAD35 /* UIButton+ELTool.m */ = {isa = PBXFileReference; lastKnownFileType = sourcecode.c.objc; path = "UIButton+ELTool.m"; sourceTree = "<group>"; };
		1B2C526321782972007DAD35 /* Tool.h */ = {isa = PBXFileReference; lastKnownFileType = sourcecode.c.h; path = Tool.h; sourceTree = "<group>"; };
		1B2C526421782A0E007DAD35 /* UIView+ELTool.h */ = {isa = PBXFileReference; lastKnownFileType = sourcecode.c.h; path = "UIView+ELTool.h"; sourceTree = "<group>"; };
		1B2C526521782A0E007DAD35 /* UIView+ELTool.m */ = {isa = PBXFileReference; lastKnownFileType = sourcecode.c.objc; path = "UIView+ELTool.m"; sourceTree = "<group>"; };
		1BAC6D2621758996006CEB54 /* TestBlock.app */ = {isa = PBXFileReference; explicitFileType = wrapper.application; includeInIndex = 0; path = TestBlock.app; sourceTree = BUILT_PRODUCTS_DIR; };
		1BAC6D2921758996006CEB54 /* AppDelegate.h */ = {isa = PBXFileReference; lastKnownFileType = sourcecode.c.h; path = AppDelegate.h; sourceTree = "<group>"; };
		1BAC6D2A21758996006CEB54 /* AppDelegate.m */ = {isa = PBXFileReference; lastKnownFileType = sourcecode.c.objc; path = AppDelegate.m; sourceTree = "<group>"; };
		1BAC6D2C21758996006CEB54 /* ViewController.h */ = {isa = PBXFileReference; lastKnownFileType = sourcecode.c.h; path = ViewController.h; sourceTree = "<group>"; };
		1BAC6D2D21758996006CEB54 /* ViewController.m */ = {isa = PBXFileReference; lastKnownFileType = sourcecode.c.objc; path = ViewController.m; sourceTree = "<group>"; };
		1BAC6D3021758996006CEB54 /* Base */ = {isa = PBXFileReference; lastKnownFileType = file.storyboard; name = Base; path = Base.lproj/Main.storyboard; sourceTree = "<group>"; };
		1BAC6D3221758999006CEB54 /* Assets.xcassets */ = {isa = PBXFileReference; lastKnownFileType = folder.assetcatalog; path = Assets.xcassets; sourceTree = "<group>"; };
		1BAC6D3521758999006CEB54 /* Base */ = {isa = PBXFileReference; lastKnownFileType = file.storyboard; name = Base; path = Base.lproj/LaunchScreen.storyboard; sourceTree = "<group>"; };
		1BAC6D3721758999006CEB54 /* Info.plist */ = {isa = PBXFileReference; lastKnownFileType = text.plist.xml; path = Info.plist; sourceTree = "<group>"; };
		1BAC6D3821758999006CEB54 /* main.m */ = {isa = PBXFileReference; lastKnownFileType = sourcecode.c.objc; path = main.m; sourceTree = "<group>"; };
/* End PBXFileReference section */

/* Begin PBXFrameworksBuildPhase section */
		1BAC6D2321758996006CEB54 /* Frameworks */ = {
			isa = PBXFrameworksBuildPhase;
			buildActionMask = 2147483647;
			files = (
			);
			runOnlyForDeploymentPostprocessing = 0;
		};
/* End PBXFrameworksBuildPhase section */

/* Begin PBXGroup section */
		1BAC6D1D21758996006CEB54 = {
			isa = PBXGroup;
			children = (
				1BAC6D2821758996006CEB54 /* TestBlock */,
				1BAC6D2721758996006CEB54 /* Products */,
			);
			sourceTree = "<group>";
		};
		1BAC6D2721758996006CEB54 /* Products */ = {
			isa = PBXGroup;
			children = (
				1BAC6D2621758996006CEB54 /* TestBlock.app */,
			);
			name = Products;
			sourceTree = "<group>";
		};
		1BAC6D2821758996006CEB54 /* TestBlock */ = {
			isa = PBXGroup;
			children = (
				1B2C526321782972007DAD35 /* Tool.h */,
				1BAC6D2921758996006CEB54 /* AppDelegate.h */,
				1BAC6D2A21758996006CEB54 /* AppDelegate.m */,
				1B2C526421782A0E007DAD35 /* UIView+ELTool.h */,
				1B2C526521782A0E007DAD35 /* UIView+ELTool.m */,
				1BAC6D2C21758996006CEB54 /* ViewController.h */,
				1BAC6D2D21758996006CEB54 /* ViewController.m */,
				1B2C525D217821E5007DAD35 /* TestViewController.h */,
				1B2C525E217821E5007DAD35 /* TestViewController.m */,
				1B2C526021782378007DAD35 /* UIButton+ELTool.h */,
				1B2C526121782378007DAD35 /* UIButton+ELTool.m */,
				1BAC6D2F21758996006CEB54 /* Main.storyboard */,
				1BAC6D3221758999006CEB54 /* Assets.xcassets */,
				1BAC6D3421758999006CEB54 /* LaunchScreen.storyboard */,
				1BAC6D3721758999006CEB54 /* Info.plist */,
				1BAC6D3821758999006CEB54 /* main.m */,
			);
			path = TestBlock;
			sourceTree = "<group>";
		};
/* End PBXGroup section */

/* Begin PBXNativeTarget section */
		1BAC6D2521758996006CEB54 /* TestBlock */ = {
			isa = PBXNativeTarget;
			buildConfigurationList = 1BAC6D3C21758999006CEB54 /* Build configuration list for PBXNativeTarget "TestBlock" */;
			buildPhases = (
				1BAC6D2221758996006CEB54 /* Sources */,
				1BAC6D2321758996006CEB54 /* Frameworks */,
				1BAC6D2421758996006CEB54 /* Resources */,
			);
			buildRules = (
			);
			dependencies = (
			);
			name = TestBlock;
			productName = TestBlock;
			productReference = 1BAC6D2621758996006CEB54 /* TestBlock.app */;
			productType = "com.apple.product-type.application";
		};
/* End PBXNativeTarget section */

/* Begin PBXProject section */
		1BAC6D1E21758996006CEB54 /* Project object */ = {
			isa = PBXProject;
			attributes = {
				LastUpgradeCheck = 1000;
				ORGANIZATIONNAME = evol;
				TargetAttributes = {
					1BAC6D2521758996006CEB54 = {
						CreatedOnToolsVersion = 10.0;
					};
				};
			};
			buildConfigurationList = 1BAC6D2121758996006CEB54 /* Build configuration list for PBXProject "TestBlock" */;
			compatibilityVersion = "Xcode 9.3";
			developmentRegion = en;
			hasScannedForEncodings = 0;
			knownRegions = (
				en,
				Base,
			);
			mainGroup = 1BAC6D1D21758996006CEB54;
			productRefGroup = 1BAC6D2721758996006CEB54 /* Products */;
			projectDirPath = "";
			projectRoot = "";
			targets = (
				1BAC6D2521758996006CEB54 /* TestBlock */,
			);
		};
/* End PBXProject section */

/* Begin PBXResourcesBuildPhase section */
		1BAC6D2421758996006CEB54 /* Resources */ = {
			isa = PBXResourcesBuildPhase;
			buildActionMask = 2147483647;
			files = (
				1BAC6D3621758999006CEB54 /* LaunchScreen.storyboard in Resources */,
				1BAC6D3321758999006CEB54 /* Assets.xcassets in Resources */,
				1BAC6D3121758996006CEB54 /* Main.storyboard in Resources */,
			);
			runOnlyForDeploymentPostprocessing = 0;
		};
/* End PBXResourcesBuildPhase section */

/* Begin PBXSourcesBuildPhase section */
		1BAC6D2221758996006CEB54 /* Sources */ = {
			isa = PBXSourcesBuildPhase;
			buildActionMask = 2147483647;
			files = (
				1BAC6D2E21758996006CEB54 /* ViewController.m in Sources */,
				1B2C526221782378007DAD35 /* UIButton+ELTool.m in Sources */,
				1BAC6D3921758999006CEB54 /* main.m in Sources */,
				1B2C526621782A0E007DAD35 /* UIView+ELTool.m in Sources */,
				1B2C525F217821E5007DAD35 /* TestViewController.m in Sources */,
				1BAC6D2B21758996006CEB54 /* AppDelegate.m in Sources */,
			);
			runOnlyForDeploymentPostprocessing = 0;
		};
/* End PBXSourcesBuildPhase section */

/* Begin PBXVariantGroup section */
		1BAC6D2F21758996006CEB54 /* Main.storyboard */ = {
			isa = PBXVariantGroup;
			children = (
				1BAC6D3021758996006CEB54 /* Base */,
			);
			name = Main.storyboard;
			sourceTree = "<group>";
		};
		1BAC6D3421758999006CEB54 /* LaunchScreen.storyboard */ = {
			isa = PBXVariantGroup;
			children = (
				1BAC6D3521758999006CEB54 /* Base */,
			);
			name = LaunchScreen.storyboard;
			sourceTree = "<group>";
		};
/* End PBXVariantGroup section */

/* Begin XCBuildConfiguration section */
		1BAC6D3A21758999006CEB54 /* Debug */ = {
			isa = XCBuildConfiguration;
			buildSettings = {
				ALWAYS_SEARCH_USER_PATHS = NO;
				CLANG_ANALYZER_NONNULL = YES;
				CLANG_ANALYZER_NUMBER_OBJECT_CONVERSION = YES_AGGRESSIVE;
				CLANG_CXX_LANGUAGE_STANDARD = "gnu++14";
				CLANG_CXX_LIBRARY = "libc++";
				CLANG_ENABLE_MODULES = YES;
				CLANG_ENABLE_OBJC_ARC = YES;
				CLANG_ENABLE_OBJC_WEAK = YES;
				CLANG_WARN_BLOCK_CAPTURE_AUTORELEASING = YES;
				CLANG_WARN_BOOL_CONVERSION = YES;
				CLANG_WARN_COMMA = YES;
				CLANG_WARN_CONSTANT_CONVERSION = YES;
				CLANG_WARN_DEPRECATED_OBJC_IMPLEMENTATIONS = YES;
				CLANG_WARN_DIRECT_OBJC_ISA_USAGE = YES_ERROR;
				CLANG_WARN_DOCUMENTATION_COMMENTS = YES;
				CLANG_WARN_EMPTY_BODY = YES;
				CLANG_WARN_ENUM_CONVERSION = YES;
				CLANG_WARN_INFINITE_RECURSION = YES;
				CLANG_WARN_INT_CONVERSION = YES;
				CLANG_WARN_NON_LITERAL_NULL_CONVERSION = YES;
				CLANG_WARN_OBJC_IMPLICIT_RETAIN_SELF = YES;
				CLANG_WARN_OBJC_LITERAL_CONVERSION = YES;
				CLANG_WARN_OBJC_ROOT_CLASS = YES_ERROR;
				CLANG_WARN_RANGE_LOOP_ANALYSIS = YES;
				CLANG_WARN_STRICT_PROTOTYPES = YES;
				CLANG_WARN_SUSPICIOUS_MOVE = YES;
				CLANG_WARN_UNGUARDED_AVAILABILITY = YES_AGGRESSIVE;
				CLANG_WARN_UNREACHABLE_CODE = YES;
				CLANG_WARN__DUPLICATE_METHOD_MATCH = YES;
				CODE_SIGN_IDENTITY = "iPhone Developer";
				COPY_PHASE_STRIP = NO;
				DEBUG_INFORMATION_FORMAT = dwarf;
				ENABLE_STRICT_OBJC_MSGSEND = YES;
				ENABLE_TESTABILITY = YES;
				GCC_C_LANGUAGE_STANDARD = gnu11;
				GCC_DYNAMIC_NO_PIC = NO;
				GCC_NO_COMMON_BLOCKS = YES;
				GCC_OPTIMIZATION_LEVEL = 0;
				GCC_PREPROCESSOR_DEFINITIONS = (
					"DEBUG=1",
					"$(inherited)",
				);
				GCC_WARN_64_TO_32_BIT_CONVERSION = YES;
				GCC_WARN_ABOUT_RETURN_TYPE = YES_ERROR;
				GCC_WARN_UNDECLARED_SELECTOR = YES;
				GCC_WARN_UNINITIALIZED_AUTOS = YES_AGGRESSIVE;
				GCC_WARN_UNUSED_FUNCTION = YES;
				GCC_WARN_UNUSED_VARIABLE = YES;
				IPHONEOS_DEPLOYMENT_TARGET = 12.0;
				MTL_ENABLE_DEBUG_INFO = INCLUDE_SOURCE;
				MTL_FAST_MATH = YES;
				ONLY_ACTIVE_ARCH = YES;
				SDKROOT = iphoneos;
			};
			name = Debug;
		};
		1BAC6D3B21758999006CEB54 /* Release */ = {
			isa = XCBuildConfiguration;
			buildSettings = {
				ALWAYS_SEARCH_USER_PATHS = NO;
				CLANG_ANALYZER_NONNULL = YES;
				CLANG_ANALYZER_NUMBER_OBJECT_CONVERSION = YES_AGGRESSIVE;
				CLANG_CXX_LANGUAGE_STANDARD = "gnu++14";
				CLANG_CXX_LIBRARY = "libc++";
				CLANG_ENABLE_MODULES = YES;
				CLANG_ENABLE_OBJC_ARC = YES;
				CLANG_ENABLE_OBJC_WEAK = YES;
				CLANG_WARN_BLOCK_CAPTURE_AUTORELEASING = YES;
				CLANG_WARN_BOOL_CONVERSION = YES;
				CLANG_WARN_COMMA = YES;
				CLANG_WARN_CONSTANT_CONVERSION = YES;
				CLANG_WARN_DEPRECATED_OBJC_IMPLEMENTATIONS = YES;
				CLANG_WARN_DIRECT_OBJC_ISA_USAGE = YES_ERROR;
				CLANG_WARN_DOCUMENTATION_COMMENTS = YES;
				CLANG_WARN_EMPTY_BODY = YES;
				CLANG_WARN_ENUM_CONVERSION = YES;
				CLANG_WARN_INFINITE_RECURSION = YES;
				CLANG_WARN_INT_CONVERSION = YES;
				CLANG_WARN_NON_LITERAL_NULL_CONVERSION = YES;
				CLANG_WARN_OBJC_IMPLICIT_RETAIN_SELF = YES;
				CLANG_WARN_OBJC_LITERAL_CONVERSION = YES;
				CLANG_WARN_OBJC_ROOT_CLASS = YES_ERROR;
				CLANG_WARN_RANGE_LOOP_ANALYSIS = YES;
				CLANG_WARN_STRICT_PROTOTYPES = YES;
				CLANG_WARN_SUSPICIOUS_MOVE = YES;
				CLANG_WARN_UNGUARDED_AVAILABILITY = YES_AGGRESSIVE;
				CLANG_WARN_UNREACHABLE_CODE = YES;
				CLANG_WARN__DUPLICATE_METHOD_MATCH = YES;
				CODE_SIGN_IDENTITY = "iPhone Developer";
				COPY_PHASE_STRIP = NO;
				DEBUG_INFORMATION_FORMAT = "dwarf-with-dsym";
				ENABLE_NS_ASSERTIONS = NO;
				ENABLE_STRICT_OBJC_MSGSEND = YES;
				GCC_C_LANGUAGE_STANDARD = gnu11;
				GCC_NO_COMMON_BLOCKS = YES;
				GCC_WARN_64_TO_32_BIT_CONVERSION = YES;
				GCC_WARN_ABOUT_RETURN_TYPE = YES_ERROR;
				GCC_WARN_UNDECLARED_SELECTOR = YES;
				GCC_WARN_UNINITIALIZED_AUTOS = YES_AGGRESSIVE;
				GCC_WARN_UNUSED_FUNCTION = YES;
				GCC_WARN_UNUSED_VARIABLE = YES;
				IPHONEOS_DEPLOYMENT_TARGET = 12.0;
				MTL_ENABLE_DEBUG_INFO = NO;
				MTL_FAST_MATH = YES;
				SDKROOT = iphoneos;
				VALIDATE_PRODUCT = YES;
			};
			name = Release;
		};
		1BAC6D3D21758999006CEB54 /* Debug */ = {
			isa = XCBuildConfiguration;
			buildSettings = {
				ASSETCATALOG_COMPILER_APPICON_NAME = AppIcon;
				CODE_SIGN_STYLE = Automatic;
				DEVELOPMENT_TEAM = 5724PKP278;
				INFOPLIST_FILE = TestBlock/Info.plist;
				LD_RUNPATH_SEARCH_PATHS = (
					"$(inherited)",
					"@executable_path/Frameworks",
				);
				PRODUCT_BUNDLE_IDENTIFIER = "--evol--.TestBlock";
				PRODUCT_NAME = "$(TARGET_NAME)";
				TARGETED_DEVICE_FAMILY = "1,2";
			};
			name = Debug;
		};
		1BAC6D3E21758999006CEB54 /* Release */ = {
			isa = XCBuildConfiguration;
			buildSettings = {
				ASSETCATALOG_COMPILER_APPICON_NAME = AppIcon;
				CODE_SIGN_STYLE = Automatic;
				DEVELOPMENT_TEAM = 5724PKP278;
				INFOPLIST_FILE = TestBlock/Info.plist;
				LD_RUNPATH_SEARCH_PATHS = (
					"$(inherited)",
					"@executable_path/Frameworks",
				);
				PRODUCT_BUNDLE_IDENTIFIER = "--evol--.TestBlock";
				PRODUCT_NAME = "$(TARGET_NAME)";
				TARGETED_DEVICE_FAMILY = "1,2";
			};
			name = Release;
		};
/* End XCBuildConfiguration section */

/* Begin XCConfigurationList section */
		1BAC6D2121758996006CEB54 /* Build configuration list for PBXProject "TestBlock" */ = {
			isa = XCConfigurationList;
			buildConfigurations = (
				1BAC6D3A21758999006CEB54 /* Debug */,
				1BAC6D3B21758999006CEB54 /* Release */,
			);
			defaultConfigurationIsVisible = 0;
			defaultConfigurationName = Release;
		};
		1BAC6D3C21758999006CEB54 /* Build configuration list for PBXNativeTarget "TestBlock" */ = {
			isa = XCConfigurationList;
			buildConfigurations = (
				1BAC6D3D21758999006CEB54 /* Debug */,
				1BAC6D3E21758999006CEB54 /* Release */,
			);
			defaultConfigurationIsVisible = 0;
			defaultConfigurationName = Release;
		};
/* End XCConfigurationList section */
	};
	rootObject = 1BAC6D1E21758996006CEB54 /* Project object */;
}
